{
  "name": "@kamishino/kamiflow-core",
  "version": "0.8.2",
  "lockfileVersion": 3,
  "requires": true,
  "packages": {
    "": {
      "name": "@kamishino/kamiflow-core",
      "version": "0.8.2",
      "license": "MIT",
      "bin": {
        "kamiflow-core": "bin/kamiflow-core.js"
      },
      "engines": {
        "node": ">=20"
      }
    }
  }
}
